// !$*UTF8*$!
{
	archiveVersion = 1;
	classes = {
	};
	objectVersion = 46;
	objects = {

/* Begin PBXBuildFile section */
		4489836D1DC027C200F98672 /* AppDelegate.swift in Sources */ = {isa = PBXBuildFile; fileRef = 4489836C1DC027C200F98672 /* AppDelegate.swift */; };
		4489836F1DC027C200F98672 /* ViewController.swift in Sources */ = {isa = PBXBuildFile; fileRef = 4489836E1DC027C200F98672 /* ViewController.swift */; };
		448983721DC027C200F98672 /* Main.storyboard in Resources */ = {isa = PBXBuildFile; fileRef = 448983701DC027C200F98672 /* Main.storyboard */; };
		448983741DC027C200F98672 /* Assets.xcassets in Resources */ = {isa = PBXBuildFile; fileRef = 448983731DC027C200F98672 /* Assets.xcassets */; };
		448983771DC027C200F98672 /* LaunchScreen.storyboard in Resources */ = {isa = PBXBuildFile; fileRef = 448983751DC027C200F98672 /* LaunchScreen.storyboard */; };
		448983801DC03A5100F98672 /* level1.txt in Resources */ = {isa = PBXBuildFile; fileRef = 4489837E1DC03A5000F98672 /* level1.txt */; };
		448983811DC03A5100F98672 /* level2.txt in Resources */ = {isa = PBXBuildFile; fileRef = 4489837F1DC03A5100F98672 /* level2.txt */; };
/* End PBXBuildFile section */

/* Begin PBXFileReference section */
		448983691DC027C200F98672 /* project 8.app */ = {isa = PBXFileReference; explicitFileType = wrapper.application; includeInIndex = 0; path = "project 8.app"; sourceTree = BUILT_PRODUCTS_DIR; };
		4489836C1DC027C200F98672 /* AppDelegate.swift */ = {isa = PBXFileReference; lastKnownFileType = sourcecode.swift; path = AppDelegate.swift; sourceTree = "<group>"; };
		4489836E1DC027C200F98672 /* ViewController.swift */ = {isa = PBXFileReference; lastKnownFileType = sourcecode.swift; path = ViewController.swift; sourceTree = "<group>"; };
		448983711DC027C200F98672 /* Base */ = {isa = PBXFileReference; lastKnownFileType = file.storyboard; name = Base; path = Base.lproj/Main.storyboard; sourceTree = "<group>"; };
		448983731DC027C200F98672 /* Assets.xcassets */ = {isa = PBXFileReference; lastKnownFileType = folder.assetcatalog; path = Assets.xcassets; sourceTree = "<group>"; };
		448983761DC027C200F98672 /* Base */ = {isa = PBXFileReference; lastKnownFileType = file.storyboard; name = Base; path = Base.lproj/LaunchScreen.storyboard; sourceTree = "<group>"; };
		448983781DC027C200F98672 /* Info.plist */ = {isa = PBXFileReference; lastKnownFileType = text.plist.xml; path = Info.plist; sourceTree = "<group>"; };
		4489837E1DC03A5000F98672 /* level1.txt */ = {isa = PBXFileReference; fileEncoding = 4; lastKnownFileType = text; path = level1.txt; sourceTree = "<group>"; };
		4489837F1DC03A5100F98672 /* level2.txt */ = {isa = PBXFileReference; fileEncoding = 4; lastKnownFileType = text; path = level2.txt; sourceTree = "<group>"; };
/* End PBXFileReference section */

/* Begin PBXFrameworksBuildPhase section */
		448983661DC027C200F98672 /* Frameworks */ = {
			isa = PBXFrameworksBuildPhase;
			buildActionMask = 2147483647;
			files = (
			);
			runOnlyForDeploymentPostprocessing = 0;
		};
/* End PBXFrameworksBuildPhase section */

/* Begin PBXGroup section */
		448983601DC027C200F98672 = {
			isa = PBXGroup;
			children = (
				4489836B1DC027C200F98672 /* project 8 */,
				4489836A1DC027C200F98672 /* Products */,
			);
			sourceTree = "<group>";
		};
		4489836A1DC027C200F98672 /* Products */ = {
			isa = PBXGroup;
			children = (
				448983691DC027C200F98672 /* project 8.app */,
			);
			name = Products;
			sourceTree = "<group>";
		};
		4489836B1DC027C200F98672 /* project 8 */ = {
			isa = PBXGroup;
			children = (
				4489836C1DC027C200F98672 /* AppDelegate.swift */,
				4489836E1DC027C200F98672 /* ViewController.swift */,
				448983701DC027C200F98672 /* Main.storyboard */,
				448983731DC027C200F98672 /* Assets.xcassets */,
				448983751DC027C200F98672 /* LaunchScreen.storyboard */,
				448983781DC027C200F98672 /* Info.plist */,
				4489837E1DC03A5000F98672 /* level1.txt */,
				4489837F1DC03A5100F98672 /* level2.txt */,
			);
			path = "project 8";
			sourceTree = "<group>";
		};
/* End PBXGroup section */

/* Begin PBXNativeTarget section */
		448983681DC027C200F98672 /* project 8 */ = {
			isa = PBXNativeTarget;
			buildConfigurationList = 4489837B1DC027C200F98672 /* Build configuration list for PBXNativeTarget "project 8" */;
			buildPhases = (
				448983651DC027C200F98672 /* Sources */,
				448983661DC027C200F98672 /* Frameworks */,
				448983671DC027C200F98672 /* Resources */,
			);
			buildRules = (
			);
			dependencies = (
			);
			name = "project 8";
			productName = "project 8";
			productReference = 448983691DC027C200F98672 /* project 8.app */;
			productType = "com.apple.product-type.application";
		};
/* End PBXNativeTarget section */

/* Begin PBXProject section */
		448983611DC027C200F98672 /* Project object */ = {
			isa = PBXProject;
			attributes = {
				LastSwiftUpdateCheck = 0800;
				LastUpgradeCheck = 0800;
				ORGANIZATIONNAME = "Yuan Xue";
				TargetAttributes = {
					448983681DC027C200F98672 = {
						CreatedOnToolsVersion = 8.0;
						ProvisioningStyle = Automatic;
					};
				};
			};
			buildConfigurationList = 448983641DC027C200F98672 /* Build configuration list for PBXProject "project 8" */;
			compatibilityVersion = "Xcode 3.2";
			developmentRegion = English;
			hasScannedForEncodings = 0;
			knownRegions = (
				en,
				Base,
			);
			mainGroup = 448983601DC027C200F98672;
			productRefGroup = 4489836A1DC027C200F98672 /* Products */;
			projectDirPath = "";
			projectRoot = "";
			targets = (
				448983681DC027C200F98672 /* project 8 */,
			);
		};
/* End PBXProject section */

/* Begin PBXResourcesBuildPhase section */
		448983671DC027C200F98672 /* Resources */ = {
			isa = PBXResourcesBuildPhase;
			buildActionMask = 2147483647;
			files = (
				448983811DC03A5100F98672 /* level2.txt in Resources */,
				448983771DC027C200F98672 /* LaunchScreen.storyboard in Resources */,
				448983801DC03A5100F98672 /* level1.txt in Resources */,
				448983741DC027C200F98672 /* Assets.xcassets in Resources */,
				448983721DC027C200F98672 /* Main.storyboard in Resources */,
			);
			runOnlyForDeploymentPostprocessing = 0;
		};
/* End PBXResourcesBuildPhase section */

/* Begin PBXSourcesBuildPhase section */
		448983651DC027C200F98672 /* Sources */ = {
			isa = PBXSourcesBuildPhase;
			buildActionMask = 2147483647;
			files = (
				4489836F1DC027C200F98672 /* ViewController.swift in Sources */,
				4489836D1DC027C200F98672 /* AppDelegate.swift in Sources */,
			);
			runOnlyForDeploymentPostprocessing = 0;
		};
/* End PBXSourcesBuildPhase section */

/* Begin PBXVariantGroup section */
		448983701DC027C200F98672 /* Main.storyboard */ = {
			isa = PBXVariantGroup;
			children = (
				448983711DC027C200F98672 /* Base */,
			);
			name = Main.storyboard;
			sourceTree = "<group>";
		};
		448983751DC027C200F98672 /* LaunchScreen.storyboard */ = {
			isa = PBXVariantGroup;
			children = (
				448983761DC027C200F98672 /* Base */,
			);
			name = LaunchScreen.storyboard;
			sourceTree = "<group>";
		};
/* End PBXVariantGroup section */

/* Begin XCBuildConfiguration section */
		448983791DC027C200F98672 /* Debug */ = {
			isa = XCBuildConfiguration;
			buildSettings = {
				ALWAYS_SEARCH_USER_PATHS = NO;
				CLANG_ANALYZER_NONNULL = YES;
				CLANG_CXX_LANGUAGE_STANDARD = "gnu++0x";
				CLANG_CXX_LIBRARY = "libc++";
				CLANG_ENABLE_MODULES = YES;
				CLANG_ENABLE_OBJC_ARC = YES;
				CLANG_WARN_BOOL_CONVERSION = YES;
				CLANG_WARN_CONSTANT_CONVERSION = YES;
				CLANG_WARN_DIRECT_OBJC_ISA_USAGE = YES_ERROR;
				CLANG_WARN_DOCUMENTATION_COMMENTS = YES;
				CLANG_WARN_EMPTY_BODY = YES;
				CLANG_WARN_ENUM_CONVERSION = YES;
				CLANG_WARN_INFINITE_RECURSION = YES;
				CLANG_WARN_INT_CONVERSION = YES;
				CLANG_WARN_OBJC_ROOT_CLASS = YES_ERROR;
				CLANG_WARN_SUSPICIOUS_MOVES = YES;
				CLANG_WARN_UNREACHABLE_CODE = YES;
				CLANG_WARN__DUPLICATE_METHOD_MATCH = YES;
				"CODE_SIGN_IDENTITY[sdk=iphoneos*]" = "iPhone Developer";
				COPY_PHASE_STRIP = NO;
				DEBUG_INFORMATION_FORMAT = dwarf;
				ENABLE_STRICT_OBJC_MSGSEND = YES;
				ENABLE_TESTABILITY = YES;
				GCC_C_LANGUAGE_STANDARD = gnu99;
				GCC_DYNAMIC_NO_PIC = NO;
				GCC_NO_COMMON_BLOCKS = YES;
				GCC_OPTIMIZATION_LEVEL = 0;
				GCC_PREPROCESSOR_DEFINITIONS = (
					"DEBUG=1",
					"$(inherited)",
				);
				GCC_WARN_64_TO_32_BIT_CONVERSION = YES;
				GCC_WARN_ABOUT_RETURN_TYPE = YES_ERROR;
				GCC_WARN_UNDECLARED_SELECTOR = YES;
				GCC_WARN_UNINITIALIZED_AUTOS = YES_AGGRESSIVE;
				GCC_WARN_UNUSED_FUNCTION = YES;
				GCC_WARN_UNUSED_VARIABLE = YES;
				IPHONEOS_DEPLOYMENT_TARGET = 10.0;
				MTL_ENABLE_DEBUG_INFO = YES;
				ONLY_ACTIVE_ARCH = YES;
				SDKROOT = iphoneos;
				SWIFT_ACTIVE_COMPILATION_CONDITIONS = DEBUG;
				SWIFT_OPTIMIZATION_LEVEL = "-Onone";
				TARGETED_DEVICE_FAMILY = 2;
			};
			name = Debug;
		};
		4489837A1DC027C200F98672 /* Release */ = {
			isa = XCBuildConfiguration;
			buildSettings = {
				ALWAYS_SEARCH_USER_PATHS = NO;
				CLANG_ANALYZER_NONNULL = YES;
				CLANG_CXX_LANGUAGE_STANDARD = "gnu++0x";
				CLANG_CXX_LIBRARY = "libc++";
				CLANG_ENABLE_MODULES = YES;
				CLANG_ENABLE_OBJC_ARC = YES;
				CLANG_WARN_BOOL_CONVERSION = YES;
				CLANG_WARN_CONSTANT_CONVERSION = YES;
				CLANG_WARN_DIRECT_OBJC_ISA_USAGE = YES_ERROR;
				CLANG_WARN_DOCUMENTATION_COMMENTS = YES;
				CLANG_WARN_EMPTY_BODY = YES;
				CLANG_WARN_ENUM_CONVERSION = YES;
				CLANG_WARN_INFINITE_RECURSION = YES;
				CLANG_WARN_INT_CONVERSION = YES;
				CLANG_WARN_OBJC_ROOT_CLASS = YES_ERROR;
				CLANG_WARN_SUSPICIOUS_MOVES = YES;
				CLANG_WARN_UNREACHABLE_CODE = YES;
				CLANG_WARN__DUPLICATE_METHOD_MATCH = YES;
				"CODE_SIGN_IDENTITY[sdk=iphoneos*]" = "iPhone Developer";
				COPY_PHASE_STRIP = NO;
				DEBUG_INFORMATION_FORMAT = "dwarf-with-dsym";
				ENABLE_NS_ASSERTIONS = NO;
				ENABLE_STRICT_OBJC_MSGSEND = YES;
				GCC_C_LANGUAGE_STANDARD = gnu99;
				GCC_NO_COMMON_BLOCKS = YES;
				GCC_WARN_64_TO_32_BIT_CONVERSION = YES;
				GCC_WARN_ABOUT_RETURN_TYPE = YES_ERROR;
				GCC_WARN_UNDECLARED_SELECTOR = YES;
				GCC_WARN_UNINITIALIZED_AUTOS = YES_AGGRESSIVE;
				GCC_WARN_UNUSED_FUNCTION = YES;
				GCC_WARN_UNUSED_VARIABLE = YES;
				IPHONEOS_DEPLOYMENT_TARGET = 10.0;
				MTL_ENABLE_DEBUG_INFO = NO;
				SDKROOT = iphoneos;
				SWIFT_OPTIMIZATION_LEVEL = "-Owholemodule";
				TARGETED_DEVICE_FAMILY = 2;
				VALIDATE_PRODUCT = YES;
			};
			name = Release;
		};
		4489837C1DC027C200F98672 /* Debug */ = {
			isa = XCBuildConfiguration;
			buildSettings = {
				ASSETCATALOG_COMPILER_APPICON_NAME = AppIcon;
				INFOPLIST_FILE = "project 8/Info.plist";
				LD_RUNPATH_SEARCH_PATHS = "$(inherited) @executable_path/Frameworks";
				PRODUCT_BUNDLE_IDENTIFIER = "yuan.project-8";
				PRODUCT_NAME = "$(TARGET_NAME)";
				SWIFT_VERSION = 3.0;
			};
			name = Debug;
		};
		4489837D1DC027C200F98672 /* Release */ = {
			isa = XCBuildConfiguration;
			buildSettings = {
				ASSETCATALOG_COMPILER_APPICON_NAME = AppIcon;
				INFOPLIST_FILE = "project 8/Info.plist";
				LD_RUNPATH_SEARCH_PATHS = "$(inherited) @executable_path/Frameworks";
				PRODUCT_BUNDLE_IDENTIFIER = "yuan.project-8";
				PRODUCT_NAME = "$(TARGET_NAME)";
				SWIFT_VERSION = 3.0;
			};
			name = Release;
		};
/* End XCBuildConfiguration section */

/* Begin XCConfigurationList section */
		448983641DC027C200F98672 /* Build configuration list for PBXProject "project 8" */ = {
			isa = XCConfigurationList;
			buildConfigurations = (
				448983791DC027C200F98672 /* Debug */,
				4489837A1DC027C200F98672 /* Release */,
			);
			defaultConfigurationIsVisible = 0;
			defaultConfigurationName = Release;
		};
		4489837B1DC027C200F98672 /* Build configuration list for PBXNativeTarget "project 8" */ = {
			isa = XCConfigurationList;
			buildConfigurations = (
				4489837C1DC027C200F98672 /* Debug */,
				4489837D1DC027C200F98672 /* Release */,
			);
			defaultConfigurationIsVisible = 0;
		};
/* End XCConfigurationList section */
	};
	rootObject = 448983611DC027C200F98672 /* Project object */;
}
